
Microsoft Visual Studio Solution File, Format Version 12.00
# Visual Studio Version 16
VisualStudioVersion = 16.0.30711.63
MinimumVisualStudioVersion = 10.0.40219.1
Project("{FAE04EC0-301F-11D3-BF4B-00C04F79EFBC}") = "Pharmacy", "Pharmacy\Pharmacy.csproj", "{ECBB835B-F997-4ECE-A2BE-D7F16BCB1FC0}"
EndProject
Global
	GlobalSection(SolutionConfigurationPlatforms) = preSolution
		Debug|Any CPU = Debug|Any CPU
		Release|Any CPU = Release|Any CPU
	EndGlobalSection
	GlobalSection(ProjectConfigurationPlatforms) = postSolution
		{ECBB835B-F997-4ECE-A2BE-D7F16BCB1FC0}.Debug|Any CPU.ActiveCfg = Debug|Any CPU
		{ECBB835B-F997-4ECE-A2BE-D7F16BCB1FC0}.Debug|Any CPU.Build.0 = Debug|Any CPU
		{ECBB835B-F997-4ECE-A2BE-D7F16BCB1FC0}.Release|Any CPU.ActiveCfg = Release|Any CPU
		{ECBB835B-F997-4ECE-A2BE-D7F16BCB1FC0}.Release|Any CPU.Build.0 = Release|Any CPU
	EndGlobalSection
	GlobalSection(SolutionProperties) = preSolution
		HideSolutionNode = FALSE
	EndGlobalSection
	GlobalSection(ExtensibilityGlobals) = postSolution
		SolutionGuid = {EACDAB60-B412-47A1-87A7-B471822A9168}
	EndGlobalSection
EndGlobal
